{
  "version": 4,
  "terraform_version": "0.12.13",
  "serial": 3,
  "lineage": "e9a541cb-17ab-5aec-389b-2629d2202d58",
  "outputs": {},
  "resources": [
    {
      "mode": "managed",
      "type": "aws_vpc",
      "name": "generic_vpc",
      "provider": "provider.aws",
      "instances": [
        {
          "schema_version": 1,
          "attributes": {
            "arn": "arn:aws:ec2:us-east-1:397599331049:vpc/vpc-0a3aecc5698f6ab13",
            "assign_generated_ipv6_cidr_block": false,
            "cidr_block": "10.11.218.0/23",
            "default_network_acl_id": "acl-04301954b878cd0bf",
            "default_route_table_id": "rtb-0e98b20ef3ab05c1b",
            "default_security_group_id": "sg-0cb2026c281954288",
            "dhcp_options_id": "dopt-228d1847",
            "enable_classiclink": false,
            "enable_classiclink_dns_support": false,
            "enable_dns_hostnames": true,
            "enable_dns_support": true,
            "id": "vpc-0a3aecc5698f6ab13",
            "instance_tenancy": "default",
            "ipv6_association_id": "",
            "ipv6_cidr_block": "",
            "main_route_table_id": "rtb-0e98b20ef3ab05c1b",
            "owner_id": "397599331049",
            "tags": {
              "Name": "bob1",
              "environment": "production"
            }
          },
          "private": "eyJzY2hlbWFfdmVyc2lvbiI6IjEifQ=="
        }
      ]
    },
    {
      "mode": "managed",
      "type": "aws_vpc_dhcp_options",
      "name": "generic_vpc",
      "provider": "provider.aws",
      "instances": [
        {
          "schema_version": 0,
          "attributes": {
            "domain_name": "aws.no-dns.co.uk",
            "domain_name_servers": [
              "10.11.218.2"
            ],
            "id": "dopt-0542bd573fb2dc6e6",
            "netbios_name_servers": null,
            "netbios_node_type": null,
            "ntp_servers": null,
            "owner_id": "397599331049",
            "tags": {
              "Name": "bob1-dhcp-options",
              "environment": "production"
            }
          },
          "private": "bnVsbA==",
          "depends_on": [
            "aws_vpc.generic_vpc"
          ]
        }
      ]
    }
  ]
}
